
Microsoft Visual Studio Solution File, Format Version 12.00
# Visual Studio Version 17
VisualStudioVersion = 17.13.35806.99
MinimumVisualStudioVersion = 10.0.40219.1
Project("{FAE04EC0-301F-11D3-BF4B-00C04F79EFBC}") = "taskforge", "taskforge\taskforge.csproj", "{2BB66616-5237-4896-A472-7BBAE3F6B9DC}"
EndProject
Project("{54A90642-561A-4BB1-A94E-469ADEE60C69}") = "clientapp", "clientapp\clientapp.esproj", "{24581855-81DC-CBC5-2066-6239B39AC343}"
	ProjectSection(ProjectDependencies) = postProject
		{2BB66616-5237-4896-A472-7BBAE3F6B9DC} = {2BB66616-5237-4896-A472-7BBAE3F6B9DC}
	EndProjectSection
EndProject
Project("{FAE04EC0-301F-11D3-BF4B-00C04F79EFBC}") = "cpp-runner", "cpp-runner\cpp-runner.csproj", "{A3469971-90F0-41AF-84D4-57BB1F691ADF}"
EndProject
Project("{FAE04EC0-301F-11D3-BF4B-00C04F79EFBC}") = "csharp-runner", "csharp-runner\csharp-runner.csproj", "{FB5C6AB8-57E9-451D-9BEA-D25B0A91D9CD}"
EndProject
Project("{FAE04EC0-301F-11D3-BF4B-00C04F79EFBC}") = "python-runner", "python-runner\python-runner.csproj", "{E1BB63C0-8A59-4D40-984E-89A666C340C3}"
EndProject
Project("{2150E333-8FDC-42A3-9474-1A3956D46DE8}") = "Элементы решения", "Элементы решения", "{754FC069-D67B-A9D7-50A1-8D1CA196D8F1}"
	ProjectSection(SolutionItems) = preProject
		compose.yaml = compose.yaml
	EndProjectSection
EndProject
Global
	GlobalSection(SolutionConfigurationPlatforms) = preSolution
		Debug|Any CPU = Debug|Any CPU
		Release|Any CPU = Release|Any CPU
	EndGlobalSection
	GlobalSection(ProjectConfigurationPlatforms) = postSolution
		{2BB66616-5237-4896-A472-7BBAE3F6B9DC}.Debug|Any CPU.ActiveCfg = Release|Any CPU
		{2BB66616-5237-4896-A472-7BBAE3F6B9DC}.Debug|Any CPU.Build.0 = Release|Any CPU
		{2BB66616-5237-4896-A472-7BBAE3F6B9DC}.Release|Any CPU.ActiveCfg = Release|Any CPU
		{2BB66616-5237-4896-A472-7BBAE3F6B9DC}.Release|Any CPU.Build.0 = Release|Any CPU
		{24581855-81DC-CBC5-2066-6239B39AC343}.Debug|Any CPU.ActiveCfg = Debug|Any CPU
		{24581855-81DC-CBC5-2066-6239B39AC343}.Debug|Any CPU.Build.0 = Debug|Any CPU
		{24581855-81DC-CBC5-2066-6239B39AC343}.Debug|Any CPU.Deploy.0 = Debug|Any CPU
		{24581855-81DC-CBC5-2066-6239B39AC343}.Release|Any CPU.ActiveCfg = Release|Any CPU
		{24581855-81DC-CBC5-2066-6239B39AC343}.Release|Any CPU.Build.0 = Release|Any CPU
		{24581855-81DC-CBC5-2066-6239B39AC343}.Release|Any CPU.Deploy.0 = Release|Any CPU
		{A3469971-90F0-41AF-84D4-57BB1F691ADF}.Debug|Any CPU.ActiveCfg = Debug|Any CPU
		{A3469971-90F0-41AF-84D4-57BB1F691ADF}.Debug|Any CPU.Build.0 = Debug|Any CPU
		{A3469971-90F0-41AF-84D4-57BB1F691ADF}.Release|Any CPU.ActiveCfg = Release|Any CPU
		{A3469971-90F0-41AF-84D4-57BB1F691ADF}.Release|Any CPU.Build.0 = Release|Any CPU
		{FB5C6AB8-57E9-451D-9BEA-D25B0A91D9CD}.Debug|Any CPU.ActiveCfg = Debug|Any CPU
		{FB5C6AB8-57E9-451D-9BEA-D25B0A91D9CD}.Debug|Any CPU.Build.0 = Debug|Any CPU
		{FB5C6AB8-57E9-451D-9BEA-D25B0A91D9CD}.Release|Any CPU.ActiveCfg = Release|Any CPU
		{FB5C6AB8-57E9-451D-9BEA-D25B0A91D9CD}.Release|Any CPU.Build.0 = Release|Any CPU
		{E1BB63C0-8A59-4D40-984E-89A666C340C3}.Debug|Any CPU.ActiveCfg = Debug|Any CPU
		{E1BB63C0-8A59-4D40-984E-89A666C340C3}.Debug|Any CPU.Build.0 = Debug|Any CPU
		{E1BB63C0-8A59-4D40-984E-89A666C340C3}.Release|Any CPU.ActiveCfg = Release|Any CPU
		{E1BB63C0-8A59-4D40-984E-89A666C340C3}.Release|Any CPU.Build.0 = Release|Any CPU
	EndGlobalSection
	GlobalSection(SolutionProperties) = preSolution
		HideSolutionNode = FALSE
	EndGlobalSection
	GlobalSection(ExtensibilityGlobals) = postSolution
		SolutionGuid = {386D8F4D-0886-4CD5-9467-8D9F49120A99}
	EndGlobalSection
EndGlobal
